{
  "name": "@azure-tools/spec-gen-sdk-runner",
  "version": "0.0.1",
  "lockfileVersion": 3,
  "requires": true,
  "packages": {
    "": {
      "name": "@azure-tools/spec-gen-sdk-runner",
      "version": "0.0.1",
      "bin": {
        "gen-sdk": "cmd/gen-sdk.js"
      },
      "devDependencies": {
        "@types/node": "^18.19.31",
        "typescript": "~5.6.2"
      },
      "engines": {
        "node": ">= 18.0.0"
      }
    },
    "node_modules/@types/node": {
      "version": "18.19.75",
      "dev": true,
      "license": "MIT",
      "dependencies": {
        "undici-types": "~5.26.4"
      }
    },
    "node_modules/typescript": {
      "version": "5.6.3",
      "dev": true,
      "license": "Apache-2.0",
      "bin": {
        "tsc": "bin/tsc",
        "tsserver": "bin/tsserver"
      },
      "engines": {
        "node": ">=14.17"
      }
    },
    "node_modules/undici-types": {
      "version": "5.26.5",
      "dev": true,
      "license": "MIT"
    }
  }
}
