{
    "name": "typespec-validation",
    "version": "0.0.1",
    "lockfileVersion": 2,
    "requires": true,
    "packages": {
        "": {
            "name": "typespec-validation",
            "version": "0.0.1",
            "dependencies": {
                "simple-git": "^3.16.0"
            },
            "bin": {
                "tsv": "dist/TypeSpecValidation.js"
            }
        },
        "node_modules/@kwsites/file-exists": {
            "version": "1.1.1",
            "resolved": "https://registry.npmjs.org/@kwsites/file-exists/-/file-exists-1.1.1.tgz",
            "integrity": "sha512-m9/5YGR18lIwxSFDwfE3oA7bWuq9kdau6ugN4H2rJeyhFQZcG9AgSHkQtSD15a8WvTgfz9aikZMrKPHvbpqFiw==",
            "dependencies": {
                "debug": "^4.1.1"
            }
        },
        "node_modules/@kwsites/promise-deferred": {
            "version": "1.1.1",
            "resolved": "https://registry.npmjs.org/@kwsites/promise-deferred/-/promise-deferred-1.1.1.tgz",
            "integrity": "sha512-GaHYm+c0O9MjZRu0ongGBRbinu8gVAMd2UZjji6jVmqKtZluZnptXGWhz1E8j8D2HJ3f/yMxKAUC0b+57wncIw=="
        },
        "node_modules/debug": {
            "version": "4.3.4",
            "resolved": "https://registry.npmjs.org/debug/-/debug-4.3.4.tgz",
            "integrity": "sha512-PRWFHuSU3eDtQJPvnNY7Jcket1j0t5OuOsFzPPzsekD52Zl8qUfFIPEiswXqIvHWGVHOgX+7G/vCNNhehwxfkQ==",
            "dependencies": {
                "ms": "2.1.2"
            },
            "engines": {
                "node": ">=6.0"
            },
            "peerDependenciesMeta": {
                "supports-color": {
                    "optional": true
                }
            }
        },
        "node_modules/ms": {
            "version": "2.1.2",
            "resolved": "https://registry.npmjs.org/ms/-/ms-2.1.2.tgz",
            "integrity": "sha512-sGkPx+VjMtmA6MX27oA4FBFELFCZZ4S4XqeGOXCv68tT+jb3vk/RyaKWP0PTKyWtmLSM0b+adUTEvbs1PEaH2w=="
        },
        "node_modules/simple-git": {
            "version": "3.19.0",
            "resolved": "https://registry.npmjs.org/simple-git/-/simple-git-3.19.0.tgz",
            "integrity": "sha512-hyH2p9Ptxjf/xPuL7HfXbpYt9gKhC1yWDh3KYIAYJJePAKV7AEjLN4xhp7lozOdNiaJ9jlVvAbBymVlcS2jRiA==",
            "dependencies": {
                "@kwsites/file-exists": "^1.1.1",
                "@kwsites/promise-deferred": "^1.1.1",
                "debug": "^4.3.4"
            },
            "funding": {
                "type": "github",
                "url": "https://github.com/steveukx/git-js?sponsor=1"
            }
        }
    },
    "dependencies": {
        "@kwsites/file-exists": {
            "version": "1.1.1",
            "resolved": "https://registry.npmjs.org/@kwsites/file-exists/-/file-exists-1.1.1.tgz",
            "integrity": "sha512-m9/5YGR18lIwxSFDwfE3oA7bWuq9kdau6ugN4H2rJeyhFQZcG9AgSHkQtSD15a8WvTgfz9aikZMrKPHvbpqFiw==",
            "requires": {
                "debug": "^4.1.1"
            }
        },
        "@kwsites/promise-deferred": {
            "version": "1.1.1",
            "resolved": "https://registry.npmjs.org/@kwsites/promise-deferred/-/promise-deferred-1.1.1.tgz",
            "integrity": "sha512-GaHYm+c0O9MjZRu0ongGBRbinu8gVAMd2UZjji6jVmqKtZluZnptXGWhz1E8j8D2HJ3f/yMxKAUC0b+57wncIw=="
        },
        "debug": {
            "version": "4.3.4",
            "resolved": "https://registry.npmjs.org/debug/-/debug-4.3.4.tgz",
            "integrity": "sha512-PRWFHuSU3eDtQJPvnNY7Jcket1j0t5OuOsFzPPzsekD52Zl8qUfFIPEiswXqIvHWGVHOgX+7G/vCNNhehwxfkQ==",
            "requires": {
                "ms": "2.1.2"
            }
        },
        "ms": {
            "version": "2.1.2",
            "resolved": "https://registry.npmjs.org/ms/-/ms-2.1.2.tgz",
            "integrity": "sha512-sGkPx+VjMtmA6MX27oA4FBFELFCZZ4S4XqeGOXCv68tT+jb3vk/RyaKWP0PTKyWtmLSM0b+adUTEvbs1PEaH2w=="
        },
        "simple-git": {
            "version": "3.19.0",
            "resolved": "https://registry.npmjs.org/simple-git/-/simple-git-3.19.0.tgz",
            "integrity": "sha512-hyH2p9Ptxjf/xPuL7HfXbpYt9gKhC1yWDh3KYIAYJJePAKV7AEjLN4xhp7lozOdNiaJ9jlVvAbBymVlcS2jRiA==",
            "requires": {
                "@kwsites/file-exists": "^1.1.1",
                "@kwsites/promise-deferred": "^1.1.1",
                "debug": "^4.3.4"
            }
        }
    }
}
