{
  "name": "cadl",
  "requires": true,
  "lockfileVersion": 1,
  "dependencies": {
    "@cadl-lang/openapi3": {
      "version": "0.13.0",
      "resolved": "https://registry.npmjs.org/@cadl-lang/openapi3/-/openapi3-0.13.0.tgz",
      "integrity": "sha512-XLWQ6QZ5M9F/9SBeYJyOlhA7E0PriZTLJDjtz4uPNVr5RQOegLiH6TWQf+XEiA1co5CSPl5IZ7gd1HHct4Tdcw=="
    },
    "@cadl-lang/rest": {
      "version": "0.15.1",
      "resolved": "https://registry.npmjs.org/@cadl-lang/rest/-/rest-0.15.1.tgz",
      "integrity": "sha512-J7gaLFri1huDzUPmndvg7JTJZ8dnQ9csl1PafGbvypjga5Ct9+YZcAInErMKFgnxJJ5NVnDz5auD3579eOCYWg=="
    }
  }
}
